
Microsoft Visual Studio Solution File, Format Version 12.00
# Visual Studio Version 16
VisualStudioVersion = 16.0.31205.134
MinimumVisualStudioVersion = 10.0.40219.1
Project("{FAE04EC0-301F-11D3-BF4B-00C04F79EFBC}") = "Demo2", "Demo2\Demo2.csproj", "{D28D47E2-E8AA-46FB-8169-762104FF1399}"
EndProject
Global
	GlobalSection(SolutionConfigurationPlatforms) = preSolution
		Debug|Any CPU = Debug|Any CPU
		Release|Any CPU = Release|Any CPU
	EndGlobalSection
	GlobalSection(ProjectConfigurationPlatforms) = postSolution
		{D28D47E2-E8AA-46FB-8169-762104FF1399}.Debug|Any CPU.ActiveCfg = Debug|Any CPU
		{D28D47E2-E8AA-46FB-8169-762104FF1399}.Debug|Any CPU.Build.0 = Debug|Any CPU
		{D28D47E2-E8AA-46FB-8169-762104FF1399}.Release|Any CPU.ActiveCfg = Release|Any CPU
		{D28D47E2-E8AA-46FB-8169-762104FF1399}.Release|Any CPU.Build.0 = Release|Any CPU
	EndGlobalSection
	GlobalSection(SolutionProperties) = preSolution
		HideSolutionNode = FALSE
	EndGlobalSection
	GlobalSection(ExtensibilityGlobals) = postSolution
		SolutionGuid = {6C6F5FAA-C4E1-46C3-8D36-33C3C3CEB0E5}
	EndGlobalSection
EndGlobal
